
Microsoft Visual Studio Solution File, Format Version 12.00
# Visual Studio Version 17
VisualStudioVersion = 17.9.34622.214
MinimumVisualStudioVersion = 10.0.40219.1
Project("{FAE04EC0-301F-11D3-BF4B-00C04F79EFBC}") = "WebApi", "WebApi\WebApi.csproj", "{885F7CF3-0C3F-421B-AF42-B261332947A2}"
EndProject
Global
	GlobalSection(SolutionConfigurationPlatforms) = preSolution
		Debug|Any CPU = Debug|Any CPU
		Release|Any CPU = Release|Any CPU
	EndGlobalSection
	GlobalSection(ProjectConfigurationPlatforms) = postSolution
		{885F7CF3-0C3F-421B-AF42-B261332947A2}.Debug|Any CPU.ActiveCfg = Debug|Any CPU
		{885F7CF3-0C3F-421B-AF42-B261332947A2}.Debug|Any CPU.Build.0 = Debug|Any CPU
		{885F7CF3-0C3F-421B-AF42-B261332947A2}.Release|Any CPU.ActiveCfg = Release|Any CPU
		{885F7CF3-0C3F-421B-AF42-B261332947A2}.Release|Any CPU.Build.0 = Release|Any CPU
	EndGlobalSection
	GlobalSection(SolutionProperties) = preSolution
		HideSolutionNode = FALSE
	EndGlobalSection
	GlobalSection(ExtensibilityGlobals) = postSolution
		SolutionGuid = {35962EA6-58DE-4BC9-916D-5893CF3A5AAF}
	EndGlobalSection
EndGlobal
