
Microsoft Visual Studio Solution File, Format Version 12.00
# Visual Studio Version 17
VisualStudioVersion = 17.9.34622.214
MinimumVisualStudioVersion = 10.0.40219.1
Project("{FAE04EC0-301F-11D3-BF4B-00C04F79EFBC}") = "WebApi", "WebApi\WebApi.csproj", "{38BF5AF7-EB5F-466F-83EB-09EADC29666D}"
EndProject
Project("{FAE04EC0-301F-11D3-BF4B-00C04F79EFBC}") = "Infrastructure", "Infrastructure\Infrastructure.csproj", "{755B14E2-BA7F-41BE-83D9-D931760276B2}"
EndProject
Global
	GlobalSection(SolutionConfigurationPlatforms) = preSolution
		Debug|Any CPU = Debug|Any CPU
		Release|Any CPU = Release|Any CPU
	EndGlobalSection
	GlobalSection(ProjectConfigurationPlatforms) = postSolution
		{38BF5AF7-EB5F-466F-83EB-09EADC29666D}.Debug|Any CPU.ActiveCfg = Debug|Any CPU
		{38BF5AF7-EB5F-466F-83EB-09EADC29666D}.Debug|Any CPU.Build.0 = Debug|Any CPU
		{38BF5AF7-EB5F-466F-83EB-09EADC29666D}.Release|Any CPU.ActiveCfg = Release|Any CPU
		{38BF5AF7-EB5F-466F-83EB-09EADC29666D}.Release|Any CPU.Build.0 = Release|Any CPU
		{755B14E2-BA7F-41BE-83D9-D931760276B2}.Debug|Any CPU.ActiveCfg = Debug|Any CPU
		{755B14E2-BA7F-41BE-83D9-D931760276B2}.Debug|Any CPU.Build.0 = Debug|Any CPU
		{755B14E2-BA7F-41BE-83D9-D931760276B2}.Release|Any CPU.ActiveCfg = Release|Any CPU
		{755B14E2-BA7F-41BE-83D9-D931760276B2}.Release|Any CPU.Build.0 = Release|Any CPU
	EndGlobalSection
	GlobalSection(SolutionProperties) = preSolution
		HideSolutionNode = FALSE
	EndGlobalSection
	GlobalSection(ExtensibilityGlobals) = postSolution
		SolutionGuid = {E7FECCF1-7E0D-4C98-896A-F80D6E349768}
	EndGlobalSection
EndGlobal
